
Microsoft Visual Studio Solution File, Format Version 12.00
# Visual Studio Version 17
VisualStudioVersion = 17.4.33213.308
MinimumVisualStudioVersion = 10.0.40219.1
Project("{FAE04EC0-301F-11D3-BF4B-00C04F79EFBC}") = "Ref.Bot.Api", "Ref.Bot.Api\Ref.Bot.Api.csproj", "{873FE88B-16A2-4F36-8F85-5C7336033C4D}"
EndProject
Project("{FAE04EC0-301F-11D3-BF4B-00C04F79EFBC}") = "Ref.Bot.Business", "Ref.Bot.Business\Ref.Bot.Business.csproj", "{A9E0035B-B10E-42B2-B141-E7F681496EC0}"
EndProject
Project("{FAE04EC0-301F-11D3-BF4B-00C04F79EFBC}") = "Ref.Bot.DataAccess", "Ref.Bot.DataAccess\Ref.Bot.DataAccess.csproj", "{825CD972-7EAA-4B4B-B114-A88C2487772D}"
EndProject
Global
	GlobalSection(SolutionConfigurationPlatforms) = preSolution
		Debug|Any CPU = Debug|Any CPU
		Release|Any CPU = Release|Any CPU
	EndGlobalSection
	GlobalSection(ProjectConfigurationPlatforms) = postSolution
		{873FE88B-16A2-4F36-8F85-5C7336033C4D}.Debug|Any CPU.ActiveCfg = Debug|Any CPU
		{873FE88B-16A2-4F36-8F85-5C7336033C4D}.Debug|Any CPU.Build.0 = Debug|Any CPU
		{873FE88B-16A2-4F36-8F85-5C7336033C4D}.Release|Any CPU.ActiveCfg = Release|Any CPU
		{873FE88B-16A2-4F36-8F85-5C7336033C4D}.Release|Any CPU.Build.0 = Release|Any CPU
		{A9E0035B-B10E-42B2-B141-E7F681496EC0}.Debug|Any CPU.ActiveCfg = Debug|Any CPU
		{A9E0035B-B10E-42B2-B141-E7F681496EC0}.Debug|Any CPU.Build.0 = Debug|Any CPU
		{A9E0035B-B10E-42B2-B141-E7F681496EC0}.Release|Any CPU.ActiveCfg = Release|Any CPU
		{A9E0035B-B10E-42B2-B141-E7F681496EC0}.Release|Any CPU.Build.0 = Release|Any CPU
		{825CD972-7EAA-4B4B-B114-A88C2487772D}.Debug|Any CPU.ActiveCfg = Debug|Any CPU
		{825CD972-7EAA-4B4B-B114-A88C2487772D}.Debug|Any CPU.Build.0 = Debug|Any CPU
		{825CD972-7EAA-4B4B-B114-A88C2487772D}.Release|Any CPU.ActiveCfg = Release|Any CPU
		{825CD972-7EAA-4B4B-B114-A88C2487772D}.Release|Any CPU.Build.0 = Release|Any CPU
	EndGlobalSection
	GlobalSection(SolutionProperties) = preSolution
		HideSolutionNode = FALSE
	EndGlobalSection
	GlobalSection(ExtensibilityGlobals) = postSolution
		SolutionGuid = {67D07613-C349-4169-A7E0-0622D3720DC0}
	EndGlobalSection
EndGlobal
